{
  "name": "sealant",
  "version": "0.1.0",
  "lockfileVersion": 1,
  "requires": true,
  "dependencies": {
    "es6-json-stable-stringify": {
      "version": "2.0.2",
      "resolved": "https://registry.npmjs.org/es6-json-stable-stringify/-/es6-json-stable-stringify-2.0.2.tgz",
      "integrity": "sha512-9tyV/FhBfGCMM3jz3h3GOPYhuC4Mzp6shuWaUAoDkHGj+P17hellGFLHgeNLWXyOKXm72xghUrE9/Iq2/RL79g=="
    }
  }
}
